
Microsoft Visual Studio Solution File, Format Version 12.00
# Visual Studio Version 17
VisualStudioVersion = 17.14.36202.13 d17.14
MinimumVisualStudioVersion = 10.0.40219.1
Project("{FAE04EC0-301F-11D3-BF4B-00C04F79EFBC}") = "TeleCure.AuthAPI", "TeleCure.AuthAPI\TeleCure.AuthAPI.csproj", "{E7551E8F-BEA9-4CA6-A89B-454384E7A9AA}"
EndProject
Project("{FAE04EC0-301F-11D3-BF4B-00C04F79EFBC}") = "TeleCure.ProductAPI", "TeleCure.ProductAPI\TeleCure.ProductAPI.csproj", "{7C75C95A-1886-4F8A-BBBF-3746BE8C46BE}"
EndProject
Project("{FAE04EC0-301F-11D3-BF4B-00C04F79EFBC}") = "TeleCure.Test", "TeleCure.Test\TeleCure.Test.csproj", "{BF990A36-871A-4795-80D0-8DDC3EF244AF}"
EndProject
Project("{FAE04EC0-301F-11D3-BF4B-00C04F79EFBC}") = "TeleCure.Shared", "TeleCure.Shared\TeleCure.Shared.csproj", "{7BB3A9A2-633F-4AD2-8826-D002A353B4B7}"
EndProject
Global
	GlobalSection(SolutionConfigurationPlatforms) = preSolution
		Debug|Any CPU = Debug|Any CPU
		Release|Any CPU = Release|Any CPU
	EndGlobalSection
	GlobalSection(ProjectConfigurationPlatforms) = postSolution
		{E7551E8F-BEA9-4CA6-A89B-454384E7A9AA}.Debug|Any CPU.ActiveCfg = Debug|Any CPU
		{E7551E8F-BEA9-4CA6-A89B-454384E7A9AA}.Debug|Any CPU.Build.0 = Debug|Any CPU
		{E7551E8F-BEA9-4CA6-A89B-454384E7A9AA}.Release|Any CPU.ActiveCfg = Release|Any CPU
		{E7551E8F-BEA9-4CA6-A89B-454384E7A9AA}.Release|Any CPU.Build.0 = Release|Any CPU
		{7C75C95A-1886-4F8A-BBBF-3746BE8C46BE}.Debug|Any CPU.ActiveCfg = Debug|Any CPU
		{7C75C95A-1886-4F8A-BBBF-3746BE8C46BE}.Debug|Any CPU.Build.0 = Debug|Any CPU
		{7C75C95A-1886-4F8A-BBBF-3746BE8C46BE}.Release|Any CPU.ActiveCfg = Release|Any CPU
		{7C75C95A-1886-4F8A-BBBF-3746BE8C46BE}.Release|Any CPU.Build.0 = Release|Any CPU
		{BF990A36-871A-4795-80D0-8DDC3EF244AF}.Debug|Any CPU.ActiveCfg = Debug|Any CPU
		{BF990A36-871A-4795-80D0-8DDC3EF244AF}.Debug|Any CPU.Build.0 = Debug|Any CPU
		{BF990A36-871A-4795-80D0-8DDC3EF244AF}.Release|Any CPU.ActiveCfg = Release|Any CPU
		{BF990A36-871A-4795-80D0-8DDC3EF244AF}.Release|Any CPU.Build.0 = Release|Any CPU
		{7BB3A9A2-633F-4AD2-8826-D002A353B4B7}.Debug|Any CPU.ActiveCfg = Debug|Any CPU
		{7BB3A9A2-633F-4AD2-8826-D002A353B4B7}.Debug|Any CPU.Build.0 = Debug|Any CPU
		{7BB3A9A2-633F-4AD2-8826-D002A353B4B7}.Release|Any CPU.ActiveCfg = Release|Any CPU
		{7BB3A9A2-633F-4AD2-8826-D002A353B4B7}.Release|Any CPU.Build.0 = Release|Any CPU
	EndGlobalSection
	GlobalSection(SolutionProperties) = preSolution
		HideSolutionNode = FALSE
	EndGlobalSection
	GlobalSection(ExtensibilityGlobals) = postSolution
		SolutionGuid = {3B840749-C21D-4102-A240-D17B7A704B05}
	EndGlobalSection
EndGlobal
